
Microsoft Visual Studio Solution File, Format Version 12.00
# Visual Studio Version 17
VisualStudioVersion = 17.4.33103.184
MinimumVisualStudioVersion = 10.0.40219.1
Project("{9A19103F-16F7-4668-BE54-9A1E7A4F7556}") = "MelodyMatch", "MelodyMatch\MelodyMatch.csproj", "{43F81460-B907-49DA-8F55-5067954FB3C6}"
EndProject
Project("{9A19103F-16F7-4668-BE54-9A1E7A4F7556}") = "MelodyMatch.Core", "MelodyMatch.Core\MelodyMatch.Core.csproj", "{3EAD2547-7313-4222-9CB6-83D1F8CB52E2}"
EndProject
Project("{9A19103F-16F7-4668-BE54-9A1E7A4F7556}") = "MelodyMatch.Tests", "MelodyMatch.Tests\MelodyMatch.Tests.csproj", "{251E1A66-9575-4860-84D0-36AFE45F2B4B}"
EndProject
Global
	GlobalSection(SolutionConfigurationPlatforms) = preSolution
		Debug|Any CPU = Debug|Any CPU
		Release|Any CPU = Release|Any CPU
	EndGlobalSection
	GlobalSection(ProjectConfigurationPlatforms) = postSolution
		{43F81460-B907-49DA-8F55-5067954FB3C6}.Debug|Any CPU.ActiveCfg = Debug|Any CPU
		{43F81460-B907-49DA-8F55-5067954FB3C6}.Debug|Any CPU.Build.0 = Debug|Any CPU
		{43F81460-B907-49DA-8F55-5067954FB3C6}.Release|Any CPU.ActiveCfg = Release|Any CPU
		{43F81460-B907-49DA-8F55-5067954FB3C6}.Release|Any CPU.Build.0 = Release|Any CPU
		{3EAD2547-7313-4222-9CB6-83D1F8CB52E2}.Debug|Any CPU.ActiveCfg = Debug|Any CPU
		{3EAD2547-7313-4222-9CB6-83D1F8CB52E2}.Debug|Any CPU.Build.0 = Debug|Any CPU
		{3EAD2547-7313-4222-9CB6-83D1F8CB52E2}.Release|Any CPU.ActiveCfg = Release|Any CPU
		{3EAD2547-7313-4222-9CB6-83D1F8CB52E2}.Release|Any CPU.Build.0 = Release|Any CPU
		{251E1A66-9575-4860-84D0-36AFE45F2B4B}.Debug|Any CPU.ActiveCfg = Debug|Any CPU
		{251E1A66-9575-4860-84D0-36AFE45F2B4B}.Debug|Any CPU.Build.0 = Debug|Any CPU
		{251E1A66-9575-4860-84D0-36AFE45F2B4B}.Release|Any CPU.ActiveCfg = Release|Any CPU
		{251E1A66-9575-4860-84D0-36AFE45F2B4B}.Release|Any CPU.Build.0 = Release|Any CPU
	EndGlobalSection
	GlobalSection(SolutionProperties) = preSolution
		HideSolutionNode = FALSE
	EndGlobalSection
	GlobalSection(ExtensibilityGlobals) = postSolution
		SolutionGuid = {CE43D88D-FDE6-48E3-B334-620A7A00B083}
	EndGlobalSection
EndGlobal
